{
  "name": "ajs-node",
  "version": "1.0.0",
  "lockfileVersion": 3,
  "requires": true,
  "packages": {
    "": {
      "name": "ajs-node",
      "version": "1.0.0",
      "license": "ISC",
      "dependencies": {
        "@nikita134679/ajs": "^1.0.0"
      }
    },
    "node_modules/@nikita134679/ajs": {
      "version": "1.0.0",
      "resolved": "https://npm.pkg.github.com/download/@nikita134679/ajs/1.0.0/195fed9888887b400e8ad7825cb472a2d7c6d72c",
      "integrity": "sha512-LS+5kHLjEykcaPtVU8h4Ckfmtjx01pQbNNFJonC9WeTxIW3f0++4fXa9iZHy4Pi2M9GNAGoQSOuUCyUSUF3g1A=="
    }
  }
}
